
Microsoft Visual Studio Solution File, Format Version 12.00
# Visual Studio Version 17
VisualStudioVersion = 17.14.36511.14
MinimumVisualStudioVersion = 10.0.40219.1
Project("{FAE04EC0-301F-11D3-BF4B-00C04F79EFBC}") = "Bai01", "Bai01\Bai01.csproj", "{DB45F078-D99C-46F8-8750-BC300BC68211}"
EndProject
Project("{FAE04EC0-301F-11D3-BF4B-00C04F79EFBC}") = "Bai02", "Bai02\Bai02.csproj", "{41B8B6EF-4F0B-4F01-9114-F1E62248C356}"
EndProject
Project("{FAE04EC0-301F-11D3-BF4B-00C04F79EFBC}") = "Bai03", "Bai03\Bai03.csproj", "{A15944C5-F180-42AD-9D0D-7008EE9216AE}"
EndProject
Project("{FAE04EC0-301F-11D3-BF4B-00C04F79EFBC}") = "Bai04", "Bai04\Bai04.csproj", "{5F454D13-B924-4447-B457-FA0136BD06E3}"
EndProject
Project("{FAE04EC0-301F-11D3-BF4B-00C04F79EFBC}") = "Bai05", "Bai05\Bai05.csproj", "{8FA7C9D2-D7B3-4E2B-B681-3CA0EF1F5DF5}"
EndProject
Project("{FAE04EC0-301F-11D3-BF4B-00C04F79EFBC}") = "Bai06", "Bai06\Bai06.csproj", "{96EB6CBC-6EFB-468D-8B86-8CEC17405157}"
EndProject
Global
	GlobalSection(SolutionConfigurationPlatforms) = preSolution
		Debug|Any CPU = Debug|Any CPU
		Release|Any CPU = Release|Any CPU
	EndGlobalSection
	GlobalSection(ProjectConfigurationPlatforms) = postSolution
		{DB45F078-D99C-46F8-8750-BC300BC68211}.Debug|Any CPU.ActiveCfg = Debug|Any CPU
		{DB45F078-D99C-46F8-8750-BC300BC68211}.Debug|Any CPU.Build.0 = Debug|Any CPU
		{DB45F078-D99C-46F8-8750-BC300BC68211}.Release|Any CPU.ActiveCfg = Release|Any CPU
		{DB45F078-D99C-46F8-8750-BC300BC68211}.Release|Any CPU.Build.0 = Release|Any CPU
		{41B8B6EF-4F0B-4F01-9114-F1E62248C356}.Debug|Any CPU.ActiveCfg = Debug|Any CPU
		{41B8B6EF-4F0B-4F01-9114-F1E62248C356}.Debug|Any CPU.Build.0 = Debug|Any CPU
		{41B8B6EF-4F0B-4F01-9114-F1E62248C356}.Release|Any CPU.ActiveCfg = Release|Any CPU
		{41B8B6EF-4F0B-4F01-9114-F1E62248C356}.Release|Any CPU.Build.0 = Release|Any CPU
		{A15944C5-F180-42AD-9D0D-7008EE9216AE}.Debug|Any CPU.ActiveCfg = Debug|Any CPU
		{A15944C5-F180-42AD-9D0D-7008EE9216AE}.Debug|Any CPU.Build.0 = Debug|Any CPU
		{A15944C5-F180-42AD-9D0D-7008EE9216AE}.Release|Any CPU.ActiveCfg = Release|Any CPU
		{A15944C5-F180-42AD-9D0D-7008EE9216AE}.Release|Any CPU.Build.0 = Release|Any CPU
		{5F454D13-B924-4447-B457-FA0136BD06E3}.Debug|Any CPU.ActiveCfg = Debug|Any CPU
		{5F454D13-B924-4447-B457-FA0136BD06E3}.Debug|Any CPU.Build.0 = Debug|Any CPU
		{5F454D13-B924-4447-B457-FA0136BD06E3}.Release|Any CPU.ActiveCfg = Release|Any CPU
		{5F454D13-B924-4447-B457-FA0136BD06E3}.Release|Any CPU.Build.0 = Release|Any CPU
		{8FA7C9D2-D7B3-4E2B-B681-3CA0EF1F5DF5}.Debug|Any CPU.ActiveCfg = Debug|Any CPU
		{8FA7C9D2-D7B3-4E2B-B681-3CA0EF1F5DF5}.Debug|Any CPU.Build.0 = Debug|Any CPU
		{8FA7C9D2-D7B3-4E2B-B681-3CA0EF1F5DF5}.Release|Any CPU.ActiveCfg = Release|Any CPU
		{8FA7C9D2-D7B3-4E2B-B681-3CA0EF1F5DF5}.Release|Any CPU.Build.0 = Release|Any CPU
		{96EB6CBC-6EFB-468D-8B86-8CEC17405157}.Debug|Any CPU.ActiveCfg = Debug|Any CPU
		{96EB6CBC-6EFB-468D-8B86-8CEC17405157}.Debug|Any CPU.Build.0 = Debug|Any CPU
		{96EB6CBC-6EFB-468D-8B86-8CEC17405157}.Release|Any CPU.ActiveCfg = Release|Any CPU
		{96EB6CBC-6EFB-468D-8B86-8CEC17405157}.Release|Any CPU.Build.0 = Release|Any CPU
	EndGlobalSection
	GlobalSection(SolutionProperties) = preSolution
		HideSolutionNode = FALSE
	EndGlobalSection
	GlobalSection(ExtensibilityGlobals) = postSolution
		SolutionGuid = {FC82508C-E3C1-4094-BF01-84414260B01D}
	EndGlobalSection
EndGlobal
