
Microsoft Visual Studio Solution File, Format Version 12.00
# Visual Studio Version 17
VisualStudioVersion = 17.14.36511.14
MinimumVisualStudioVersion = 10.0.40219.1
Project("{FAE04EC0-301F-11D3-BF4B-00C04F79EFBC}") = "Bai01", "Bai01\Bai01.csproj", "{C68A07E3-1278-413C-B2F2-D3C29245E0B0}"
EndProject
Project("{FAE04EC0-301F-11D3-BF4B-00C04F79EFBC}") = "Bai02", "Bai02\Bai02.csproj", "{A3DE813A-8742-4E4D-AE64-79ACB35DE139}"
EndProject
Project("{FAE04EC0-301F-11D3-BF4B-00C04F79EFBC}") = "Bai03", "Bai03\Bai03.csproj", "{F7C7956C-7ECC-431D-A65C-67AEBE5D93C5}"
EndProject
Project("{FAE04EC0-301F-11D3-BF4B-00C04F79EFBC}") = "Bai04", "Bai04\Bai04.csproj", "{DEEFECBF-19F3-4F87-B24F-877D57EACF96}"
EndProject
Project("{FAE04EC0-301F-11D3-BF4B-00C04F79EFBC}") = "Bai05", "Bai05\Bai05.csproj", "{0CCC0FDF-7FB3-43DF-AAE4-C56AB5548E2C}"
EndProject
Global
	GlobalSection(SolutionConfigurationPlatforms) = preSolution
		Debug|Any CPU = Debug|Any CPU
		Release|Any CPU = Release|Any CPU
	EndGlobalSection
	GlobalSection(ProjectConfigurationPlatforms) = postSolution
		{C68A07E3-1278-413C-B2F2-D3C29245E0B0}.Debug|Any CPU.ActiveCfg = Debug|Any CPU
		{C68A07E3-1278-413C-B2F2-D3C29245E0B0}.Debug|Any CPU.Build.0 = Debug|Any CPU
		{C68A07E3-1278-413C-B2F2-D3C29245E0B0}.Release|Any CPU.ActiveCfg = Release|Any CPU
		{C68A07E3-1278-413C-B2F2-D3C29245E0B0}.Release|Any CPU.Build.0 = Release|Any CPU
		{A3DE813A-8742-4E4D-AE64-79ACB35DE139}.Debug|Any CPU.ActiveCfg = Debug|Any CPU
		{A3DE813A-8742-4E4D-AE64-79ACB35DE139}.Debug|Any CPU.Build.0 = Debug|Any CPU
		{A3DE813A-8742-4E4D-AE64-79ACB35DE139}.Release|Any CPU.ActiveCfg = Release|Any CPU
		{A3DE813A-8742-4E4D-AE64-79ACB35DE139}.Release|Any CPU.Build.0 = Release|Any CPU
		{F7C7956C-7ECC-431D-A65C-67AEBE5D93C5}.Debug|Any CPU.ActiveCfg = Debug|Any CPU
		{F7C7956C-7ECC-431D-A65C-67AEBE5D93C5}.Debug|Any CPU.Build.0 = Debug|Any CPU
		{F7C7956C-7ECC-431D-A65C-67AEBE5D93C5}.Release|Any CPU.ActiveCfg = Release|Any CPU
		{F7C7956C-7ECC-431D-A65C-67AEBE5D93C5}.Release|Any CPU.Build.0 = Release|Any CPU
		{DEEFECBF-19F3-4F87-B24F-877D57EACF96}.Debug|Any CPU.ActiveCfg = Debug|Any CPU
		{DEEFECBF-19F3-4F87-B24F-877D57EACF96}.Debug|Any CPU.Build.0 = Debug|Any CPU
		{DEEFECBF-19F3-4F87-B24F-877D57EACF96}.Release|Any CPU.ActiveCfg = Release|Any CPU
		{DEEFECBF-19F3-4F87-B24F-877D57EACF96}.Release|Any CPU.Build.0 = Release|Any CPU
		{0CCC0FDF-7FB3-43DF-AAE4-C56AB5548E2C}.Debug|Any CPU.ActiveCfg = Debug|Any CPU
		{0CCC0FDF-7FB3-43DF-AAE4-C56AB5548E2C}.Debug|Any CPU.Build.0 = Debug|Any CPU
		{0CCC0FDF-7FB3-43DF-AAE4-C56AB5548E2C}.Release|Any CPU.ActiveCfg = Release|Any CPU
		{0CCC0FDF-7FB3-43DF-AAE4-C56AB5548E2C}.Release|Any CPU.Build.0 = Release|Any CPU
	EndGlobalSection
	GlobalSection(SolutionProperties) = preSolution
		HideSolutionNode = FALSE
	EndGlobalSection
	GlobalSection(ExtensibilityGlobals) = postSolution
		SolutionGuid = {36605C5B-C914-40B3-86E9-F8336AC2DA60}
	EndGlobalSection
EndGlobal
